
Microsoft Visual Studio Solution File, Format Version 12.00
# Visual Studio Version 16
VisualStudioVersion = 25.0.1706.14
MinimumVisualStudioVersion = 10.0.40219.1
Project("{FAE04EC0-301F-11D3-BF4B-00C04F79EFBC}") = "BulkyV1", "BulkyV1\BulkyV1.csproj", "{7FAE5831-8D38-48FB-980C-55BE8C420B68}"
EndProject
Global
	GlobalSection(SolutionConfigurationPlatforms) = preSolution
		Debug|Any CPU = Debug|Any CPU
		Release|Any CPU = Release|Any CPU
	EndGlobalSection
	GlobalSection(ProjectConfigurationPlatforms) = postSolution
		{7FAE5831-8D38-48FB-980C-55BE8C420B68}.Debug|Any CPU.ActiveCfg = Debug|Any CPU
		{7FAE5831-8D38-48FB-980C-55BE8C420B68}.Debug|Any CPU.Build.0 = Debug|Any CPU
		{7FAE5831-8D38-48FB-980C-55BE8C420B68}.Release|Any CPU.ActiveCfg = Release|Any CPU
		{7FAE5831-8D38-48FB-980C-55BE8C420B68}.Release|Any CPU.Build.0 = Release|Any CPU
	EndGlobalSection
	GlobalSection(SolutionProperties) = preSolution
		HideSolutionNode = FALSE
	EndGlobalSection
	GlobalSection(ExtensibilityGlobals) = postSolution
		SolutionGuid = {1AEA1819-D0E8-48D6-8769-8FBD28695495}
	EndGlobalSection
EndGlobal
